
Microsoft Visual Studio Solution File, Format Version 12.00
# Visual Studio Version 17
VisualStudioVersion = 17.10.35027.167
MinimumVisualStudioVersion = 10.0.40219.1
Project("{FAE04EC0-301F-11D3-BF4B-00C04F79EFBC}") = "DangThanhTu_2122110051", "DangThanhTu_2122110051\DangThanhTu_2122110051.csproj", "{BB0B3729-29CF-4146-8CF2-96841A0D158E}"
EndProject
Global
	GlobalSection(SolutionConfigurationPlatforms) = preSolution
		Debug|Any CPU = Debug|Any CPU
		Release|Any CPU = Release|Any CPU
	EndGlobalSection
	GlobalSection(ProjectConfigurationPlatforms) = postSolution
		{BB0B3729-29CF-4146-8CF2-96841A0D158E}.Debug|Any CPU.ActiveCfg = Debug|Any CPU
		{BB0B3729-29CF-4146-8CF2-96841A0D158E}.Debug|Any CPU.Build.0 = Debug|Any CPU
		{BB0B3729-29CF-4146-8CF2-96841A0D158E}.Release|Any CPU.ActiveCfg = Release|Any CPU
		{BB0B3729-29CF-4146-8CF2-96841A0D158E}.Release|Any CPU.Build.0 = Release|Any CPU
	EndGlobalSection
	GlobalSection(SolutionProperties) = preSolution
		HideSolutionNode = FALSE
	EndGlobalSection
	GlobalSection(ExtensibilityGlobals) = postSolution
		SolutionGuid = {7A3CB85C-F0C6-4634-AF1F-EDA5DA69ABEA}
	EndGlobalSection
EndGlobal
